
Microsoft Visual Studio Solution File, Format Version 12.00
# Visual Studio Version 16
VisualStudioVersion = 16.0.30804.86
MinimumVisualStudioVersion = 10.0.40219.1
Project("{9A19103F-16F7-4668-BE54-9A1E7A4F7556}") = "Discord.Plugin", "Discord.Plugin\Discord.Plugin.csproj", "{BE16D0ED-7B17-4BEA-94B7-5678820F3BD1}"
EndProject
Project("{2150E333-8FDC-42A3-9474-1A3956D46DE8}") = "Solution Items", "Solution Items", "{0F050E1B-0181-448D-901F-53125FA55F0E}"
	ProjectSection(SolutionItems) = preProject
		entry.tp = entry.tp
	EndProjectSection
EndProject
Global
	GlobalSection(SolutionConfigurationPlatforms) = preSolution
		Debug|Any CPU = Debug|Any CPU
		Release|Any CPU = Release|Any CPU
	EndGlobalSection
	GlobalSection(ProjectConfigurationPlatforms) = postSolution
		{BE16D0ED-7B17-4BEA-94B7-5678820F3BD1}.Debug|Any CPU.ActiveCfg = Debug|Any CPU
		{BE16D0ED-7B17-4BEA-94B7-5678820F3BD1}.Debug|Any CPU.Build.0 = Debug|Any CPU
		{BE16D0ED-7B17-4BEA-94B7-5678820F3BD1}.Release|Any CPU.ActiveCfg = Release|Any CPU
		{BE16D0ED-7B17-4BEA-94B7-5678820F3BD1}.Release|Any CPU.Build.0 = Release|Any CPU
	EndGlobalSection
	GlobalSection(SolutionProperties) = preSolution
		HideSolutionNode = FALSE
	EndGlobalSection
	GlobalSection(ExtensibilityGlobals) = postSolution
		SolutionGuid = {7E616889-171F-48F0-B420-100B937EF670}
	EndGlobalSection
EndGlobal
